
Microsoft Visual Studio Solution File, Format Version 12.00
# Visual Studio Version 17
VisualStudioVersion = 17.2.32616.157
MinimumVisualStudioVersion = 10.0.40219.1
Project("{FAE04EC0-301F-11D3-BF4B-00C04F79EFBC}") = "Lab_4_1_06", "Lab_4_1_06.csproj", "{4C31370D-0224-4C17-B8AE-29E029838AA1}"
EndProject
Global
	GlobalSection(SolutionConfigurationPlatforms) = preSolution
		Debug|Any CPU = Debug|Any CPU
		Release|Any CPU = Release|Any CPU
	EndGlobalSection
	GlobalSection(ProjectConfigurationPlatforms) = postSolution
		{4C31370D-0224-4C17-B8AE-29E029838AA1}.Debug|Any CPU.ActiveCfg = Debug|Any CPU
		{4C31370D-0224-4C17-B8AE-29E029838AA1}.Debug|Any CPU.Build.0 = Debug|Any CPU
		{4C31370D-0224-4C17-B8AE-29E029838AA1}.Release|Any CPU.ActiveCfg = Release|Any CPU
		{4C31370D-0224-4C17-B8AE-29E029838AA1}.Release|Any CPU.Build.0 = Release|Any CPU
	EndGlobalSection
	GlobalSection(SolutionProperties) = preSolution
		HideSolutionNode = FALSE
	EndGlobalSection
	GlobalSection(ExtensibilityGlobals) = postSolution
		SolutionGuid = {D3A17907-30AE-4D62-8FD8-D92ECFB6A348}
	EndGlobalSection
EndGlobal
